
Microsoft Visual Studio Solution File, Format Version 12.00
# Visual Studio Version 16
VisualStudioVersion = 16.0.29806.167
MinimumVisualStudioVersion = 15.0.26124.0
Project("{9A19103F-16F7-4668-BE54-9A1E7A4F7556}") = "ElArch.Domain", "ElArch.Domain\ElArch.Domain.csproj", "{E6F1E284-916F-482E-A3B4-6ABC3C53E534}"
EndProject
Project("{9A19103F-16F7-4668-BE54-9A1E7A4F7556}") = "ElArch.Storage", "ElArch.Storage\ElArch.Storage.csproj", "{C477419F-A64B-4342-822E-A758411982DA}"
EndProject
Project("{2150E333-8FDC-42A3-9474-1A3956D46DE8}") = "DataLayer", "DataLayer", "{9A1A5933-71BA-4953-9627-A41E8058B136}"
EndProject
Project("{9A19103F-16F7-4668-BE54-9A1E7A4F7556}") = "ElArch.Migrator", "ElArch.Migrator\ElArch.Migrator.csproj", "{D6EE7705-4EEB-4BEC-98F8-48D9BED50FBF}"
EndProject
Project("{9A19103F-16F7-4668-BE54-9A1E7A4F7556}") = "ElArch.WebApi", "ElArch.WebApi\ElArch.WebApi.csproj", "{3D5E48C8-B894-4097-AA68-45B5ADB662B8}"
EndProject
Global
	GlobalSection(SolutionConfigurationPlatforms) = preSolution
		Debug|Any CPU = Debug|Any CPU
		Debug|x64 = Debug|x64
		Debug|x86 = Debug|x86
		Release|Any CPU = Release|Any CPU
		Release|x64 = Release|x64
		Release|x86 = Release|x86
	EndGlobalSection
	GlobalSection(ProjectConfigurationPlatforms) = postSolution
		{E6F1E284-916F-482E-A3B4-6ABC3C53E534}.Debug|Any CPU.ActiveCfg = Debug|Any CPU
		{E6F1E284-916F-482E-A3B4-6ABC3C53E534}.Debug|Any CPU.Build.0 = Debug|Any CPU
		{E6F1E284-916F-482E-A3B4-6ABC3C53E534}.Debug|x64.ActiveCfg = Debug|Any CPU
		{E6F1E284-916F-482E-A3B4-6ABC3C53E534}.Debug|x64.Build.0 = Debug|Any CPU
		{E6F1E284-916F-482E-A3B4-6ABC3C53E534}.Debug|x86.ActiveCfg = Debug|Any CPU
		{E6F1E284-916F-482E-A3B4-6ABC3C53E534}.Debug|x86.Build.0 = Debug|Any CPU
		{E6F1E284-916F-482E-A3B4-6ABC3C53E534}.Release|Any CPU.ActiveCfg = Release|Any CPU
		{E6F1E284-916F-482E-A3B4-6ABC3C53E534}.Release|Any CPU.Build.0 = Release|Any CPU
		{E6F1E284-916F-482E-A3B4-6ABC3C53E534}.Release|x64.ActiveCfg = Release|Any CPU
		{E6F1E284-916F-482E-A3B4-6ABC3C53E534}.Release|x64.Build.0 = Release|Any CPU
		{E6F1E284-916F-482E-A3B4-6ABC3C53E534}.Release|x86.ActiveCfg = Release|Any CPU
		{E6F1E284-916F-482E-A3B4-6ABC3C53E534}.Release|x86.Build.0 = Release|Any CPU
		{C477419F-A64B-4342-822E-A758411982DA}.Debug|Any CPU.ActiveCfg = Debug|Any CPU
		{C477419F-A64B-4342-822E-A758411982DA}.Debug|Any CPU.Build.0 = Debug|Any CPU
		{C477419F-A64B-4342-822E-A758411982DA}.Debug|x64.ActiveCfg = Debug|Any CPU
		{C477419F-A64B-4342-822E-A758411982DA}.Debug|x64.Build.0 = Debug|Any CPU
		{C477419F-A64B-4342-822E-A758411982DA}.Debug|x86.ActiveCfg = Debug|Any CPU
		{C477419F-A64B-4342-822E-A758411982DA}.Debug|x86.Build.0 = Debug|Any CPU
		{C477419F-A64B-4342-822E-A758411982DA}.Release|Any CPU.ActiveCfg = Release|Any CPU
		{C477419F-A64B-4342-822E-A758411982DA}.Release|Any CPU.Build.0 = Release|Any CPU
		{C477419F-A64B-4342-822E-A758411982DA}.Release|x64.ActiveCfg = Release|Any CPU
		{C477419F-A64B-4342-822E-A758411982DA}.Release|x64.Build.0 = Release|Any CPU
		{C477419F-A64B-4342-822E-A758411982DA}.Release|x86.ActiveCfg = Release|Any CPU
		{C477419F-A64B-4342-822E-A758411982DA}.Release|x86.Build.0 = Release|Any CPU
		{D6EE7705-4EEB-4BEC-98F8-48D9BED50FBF}.Debug|Any CPU.ActiveCfg = Debug|Any CPU
		{D6EE7705-4EEB-4BEC-98F8-48D9BED50FBF}.Debug|Any CPU.Build.0 = Debug|Any CPU
		{D6EE7705-4EEB-4BEC-98F8-48D9BED50FBF}.Debug|x64.ActiveCfg = Debug|Any CPU
		{D6EE7705-4EEB-4BEC-98F8-48D9BED50FBF}.Debug|x64.Build.0 = Debug|Any CPU
		{D6EE7705-4EEB-4BEC-98F8-48D9BED50FBF}.Debug|x86.ActiveCfg = Debug|Any CPU
		{D6EE7705-4EEB-4BEC-98F8-48D9BED50FBF}.Debug|x86.Build.0 = Debug|Any CPU
		{D6EE7705-4EEB-4BEC-98F8-48D9BED50FBF}.Release|Any CPU.ActiveCfg = Release|Any CPU
		{D6EE7705-4EEB-4BEC-98F8-48D9BED50FBF}.Release|Any CPU.Build.0 = Release|Any CPU
		{D6EE7705-4EEB-4BEC-98F8-48D9BED50FBF}.Release|x64.ActiveCfg = Release|Any CPU
		{D6EE7705-4EEB-4BEC-98F8-48D9BED50FBF}.Release|x64.Build.0 = Release|Any CPU
		{D6EE7705-4EEB-4BEC-98F8-48D9BED50FBF}.Release|x86.ActiveCfg = Release|Any CPU
		{D6EE7705-4EEB-4BEC-98F8-48D9BED50FBF}.Release|x86.Build.0 = Release|Any CPU
		{3D5E48C8-B894-4097-AA68-45B5ADB662B8}.Debug|Any CPU.ActiveCfg = Debug|Any CPU
		{3D5E48C8-B894-4097-AA68-45B5ADB662B8}.Debug|Any CPU.Build.0 = Debug|Any CPU
		{3D5E48C8-B894-4097-AA68-45B5ADB662B8}.Debug|x64.ActiveCfg = Debug|Any CPU
		{3D5E48C8-B894-4097-AA68-45B5ADB662B8}.Debug|x64.Build.0 = Debug|Any CPU
		{3D5E48C8-B894-4097-AA68-45B5ADB662B8}.Debug|x86.ActiveCfg = Debug|Any CPU
		{3D5E48C8-B894-4097-AA68-45B5ADB662B8}.Debug|x86.Build.0 = Debug|Any CPU
		{3D5E48C8-B894-4097-AA68-45B5ADB662B8}.Release|Any CPU.ActiveCfg = Release|Any CPU
		{3D5E48C8-B894-4097-AA68-45B5ADB662B8}.Release|Any CPU.Build.0 = Release|Any CPU
		{3D5E48C8-B894-4097-AA68-45B5ADB662B8}.Release|x64.ActiveCfg = Release|Any CPU
		{3D5E48C8-B894-4097-AA68-45B5ADB662B8}.Release|x64.Build.0 = Release|Any CPU
		{3D5E48C8-B894-4097-AA68-45B5ADB662B8}.Release|x86.ActiveCfg = Release|Any CPU
		{3D5E48C8-B894-4097-AA68-45B5ADB662B8}.Release|x86.Build.0 = Release|Any CPU
	EndGlobalSection
	GlobalSection(SolutionProperties) = preSolution
		HideSolutionNode = FALSE
	EndGlobalSection
	GlobalSection(NestedProjects) = preSolution
		{C477419F-A64B-4342-822E-A758411982DA} = {9A1A5933-71BA-4953-9627-A41E8058B136}
		{D6EE7705-4EEB-4BEC-98F8-48D9BED50FBF} = {9A1A5933-71BA-4953-9627-A41E8058B136}
	EndGlobalSection
	GlobalSection(ExtensibilityGlobals) = postSolution
		SolutionGuid = {9FA5A770-2B56-4061-A187-D51618D9DB99}
	EndGlobalSection
EndGlobal
