
Microsoft Visual Studio Solution File, Format Version 12.00
# Visual Studio 15
VisualStudioVersion = 15.0.26124.0
MinimumVisualStudioVersion = 15.0.26124.0
Project("{FAE04EC0-301F-11D3-BF4B-00C04F79EFBC}") = "ElArch.Domain", "ElArch.Domain\ElArch.Domain.csproj", "{E6F1E284-916F-482E-A3B4-6ABC3C53E534}"
EndProject
Project("{FAE04EC0-301F-11D3-BF4B-00C04F79EFBC}") = "ElArch.Storage", "ElArch.Storage\ElArch.Storage.csproj", "{27A860D8-F4FF-4CA0-A691-A0A6F437C874}"
EndProject
Project("{FAE04EC0-301F-11D3-BF4B-00C04F79EFBC}") = "ElArch.Domain.Tests", "ElArch.Domain.Tests\ElArch.Domain.Tests.csproj", "{1BD76A63-A2A7-4854-BE1E-5AFD7533E69B}"
EndProject
Project("{2150E333-8FDC-42A3-9474-1A3956D46DE8}") = "Storage", "Storage", "{80423C93-2A35-4631-8437-BF5E6D5F24F4}"
EndProject
Project("{FAE04EC0-301F-11D3-BF4B-00C04F79EFBC}") = "Migrations", "Migrations\Migrations.csproj", "{C8EC77F8-6E6A-4828-9C92-E9BBFCCABACF}"
EndProject
Global
	GlobalSection(SolutionConfigurationPlatforms) = preSolution
		Debug|Any CPU = Debug|Any CPU
		Debug|x64 = Debug|x64
		Debug|x86 = Debug|x86
		Release|Any CPU = Release|Any CPU
		Release|x64 = Release|x64
		Release|x86 = Release|x86
	EndGlobalSection
	GlobalSection(SolutionProperties) = preSolution
		HideSolutionNode = FALSE
	EndGlobalSection
	GlobalSection(ProjectConfigurationPlatforms) = postSolution
		{E6F1E284-916F-482E-A3B4-6ABC3C53E534}.Debug|Any CPU.ActiveCfg = Debug|Any CPU
		{E6F1E284-916F-482E-A3B4-6ABC3C53E534}.Debug|Any CPU.Build.0 = Debug|Any CPU
		{E6F1E284-916F-482E-A3B4-6ABC3C53E534}.Debug|x64.ActiveCfg = Debug|Any CPU
		{E6F1E284-916F-482E-A3B4-6ABC3C53E534}.Debug|x64.Build.0 = Debug|Any CPU
		{E6F1E284-916F-482E-A3B4-6ABC3C53E534}.Debug|x86.ActiveCfg = Debug|Any CPU
		{E6F1E284-916F-482E-A3B4-6ABC3C53E534}.Debug|x86.Build.0 = Debug|Any CPU
		{E6F1E284-916F-482E-A3B4-6ABC3C53E534}.Release|Any CPU.ActiveCfg = Release|Any CPU
		{E6F1E284-916F-482E-A3B4-6ABC3C53E534}.Release|Any CPU.Build.0 = Release|Any CPU
		{E6F1E284-916F-482E-A3B4-6ABC3C53E534}.Release|x64.ActiveCfg = Release|Any CPU
		{E6F1E284-916F-482E-A3B4-6ABC3C53E534}.Release|x64.Build.0 = Release|Any CPU
		{E6F1E284-916F-482E-A3B4-6ABC3C53E534}.Release|x86.ActiveCfg = Release|Any CPU
		{E6F1E284-916F-482E-A3B4-6ABC3C53E534}.Release|x86.Build.0 = Release|Any CPU
		{27A860D8-F4FF-4CA0-A691-A0A6F437C874}.Debug|Any CPU.ActiveCfg = Debug|Any CPU
		{27A860D8-F4FF-4CA0-A691-A0A6F437C874}.Debug|Any CPU.Build.0 = Debug|Any CPU
		{27A860D8-F4FF-4CA0-A691-A0A6F437C874}.Debug|x64.ActiveCfg = Debug|Any CPU
		{27A860D8-F4FF-4CA0-A691-A0A6F437C874}.Debug|x64.Build.0 = Debug|Any CPU
		{27A860D8-F4FF-4CA0-A691-A0A6F437C874}.Debug|x86.ActiveCfg = Debug|Any CPU
		{27A860D8-F4FF-4CA0-A691-A0A6F437C874}.Debug|x86.Build.0 = Debug|Any CPU
		{27A860D8-F4FF-4CA0-A691-A0A6F437C874}.Release|Any CPU.ActiveCfg = Release|Any CPU
		{27A860D8-F4FF-4CA0-A691-A0A6F437C874}.Release|Any CPU.Build.0 = Release|Any CPU
		{27A860D8-F4FF-4CA0-A691-A0A6F437C874}.Release|x64.ActiveCfg = Release|Any CPU
		{27A860D8-F4FF-4CA0-A691-A0A6F437C874}.Release|x64.Build.0 = Release|Any CPU
		{27A860D8-F4FF-4CA0-A691-A0A6F437C874}.Release|x86.ActiveCfg = Release|Any CPU
		{27A860D8-F4FF-4CA0-A691-A0A6F437C874}.Release|x86.Build.0 = Release|Any CPU
		{1BD76A63-A2A7-4854-BE1E-5AFD7533E69B}.Debug|Any CPU.ActiveCfg = Debug|Any CPU
		{1BD76A63-A2A7-4854-BE1E-5AFD7533E69B}.Debug|Any CPU.Build.0 = Debug|Any CPU
		{1BD76A63-A2A7-4854-BE1E-5AFD7533E69B}.Debug|x64.ActiveCfg = Debug|Any CPU
		{1BD76A63-A2A7-4854-BE1E-5AFD7533E69B}.Debug|x64.Build.0 = Debug|Any CPU
		{1BD76A63-A2A7-4854-BE1E-5AFD7533E69B}.Debug|x86.ActiveCfg = Debug|Any CPU
		{1BD76A63-A2A7-4854-BE1E-5AFD7533E69B}.Debug|x86.Build.0 = Debug|Any CPU
		{1BD76A63-A2A7-4854-BE1E-5AFD7533E69B}.Release|Any CPU.ActiveCfg = Release|Any CPU
		{1BD76A63-A2A7-4854-BE1E-5AFD7533E69B}.Release|Any CPU.Build.0 = Release|Any CPU
		{1BD76A63-A2A7-4854-BE1E-5AFD7533E69B}.Release|x64.ActiveCfg = Release|Any CPU
		{1BD76A63-A2A7-4854-BE1E-5AFD7533E69B}.Release|x64.Build.0 = Release|Any CPU
		{1BD76A63-A2A7-4854-BE1E-5AFD7533E69B}.Release|x86.ActiveCfg = Release|Any CPU
		{1BD76A63-A2A7-4854-BE1E-5AFD7533E69B}.Release|x86.Build.0 = Release|Any CPU
		{C8EC77F8-6E6A-4828-9C92-E9BBFCCABACF}.Debug|Any CPU.ActiveCfg = Debug|Any CPU
		{C8EC77F8-6E6A-4828-9C92-E9BBFCCABACF}.Debug|Any CPU.Build.0 = Debug|Any CPU
		{C8EC77F8-6E6A-4828-9C92-E9BBFCCABACF}.Debug|x64.ActiveCfg = Debug|Any CPU
		{C8EC77F8-6E6A-4828-9C92-E9BBFCCABACF}.Debug|x64.Build.0 = Debug|Any CPU
		{C8EC77F8-6E6A-4828-9C92-E9BBFCCABACF}.Debug|x86.ActiveCfg = Debug|Any CPU
		{C8EC77F8-6E6A-4828-9C92-E9BBFCCABACF}.Debug|x86.Build.0 = Debug|Any CPU
		{C8EC77F8-6E6A-4828-9C92-E9BBFCCABACF}.Release|Any CPU.ActiveCfg = Release|Any CPU
		{C8EC77F8-6E6A-4828-9C92-E9BBFCCABACF}.Release|Any CPU.Build.0 = Release|Any CPU
		{C8EC77F8-6E6A-4828-9C92-E9BBFCCABACF}.Release|x64.ActiveCfg = Release|Any CPU
		{C8EC77F8-6E6A-4828-9C92-E9BBFCCABACF}.Release|x64.Build.0 = Release|Any CPU
		{C8EC77F8-6E6A-4828-9C92-E9BBFCCABACF}.Release|x86.ActiveCfg = Release|Any CPU
		{C8EC77F8-6E6A-4828-9C92-E9BBFCCABACF}.Release|x86.Build.0 = Release|Any CPU
	EndGlobalSection
	GlobalSection(NestedProjects) = preSolution
		{27A860D8-F4FF-4CA0-A691-A0A6F437C874} = {80423C93-2A35-4631-8437-BF5E6D5F24F4}
		{C8EC77F8-6E6A-4828-9C92-E9BBFCCABACF} = {80423C93-2A35-4631-8437-BF5E6D5F24F4}
	EndGlobalSection
EndGlobal
